
Microsoft Visual Studio Solution File, Format Version 12.00
# Visual Studio 15
VisualStudioVersion = 15.0.27130.2027
MinimumVisualStudioVersion = 10.0.40219.1
Project("{FAE04EC0-301F-11D3-BF4B-00C04F79EFBC}") = "Looper", "Looper\Looper.csproj", "{17232157-056B-48D5-9C2B-60BC28E29E65}"
EndProject
Project("{FAE04EC0-301F-11D3-BF4B-00C04F79EFBC}") = "LcdLabel", "LCDLabel\LcdLabel.csproj", "{AF4A3BC8-B6CC-4110-B766-A691E4E8CB60}"
EndProject
Global
	GlobalSection(SolutionConfigurationPlatforms) = preSolution
		Debug|Any CPU = Debug|Any CPU
		Release|Any CPU = Release|Any CPU
	EndGlobalSection
	GlobalSection(ProjectConfigurationPlatforms) = postSolution
		{17232157-056B-48D5-9C2B-60BC28E29E65}.Debug|Any CPU.ActiveCfg = Debug|Any CPU
		{17232157-056B-48D5-9C2B-60BC28E29E65}.Debug|Any CPU.Build.0 = Debug|Any CPU
		{17232157-056B-48D5-9C2B-60BC28E29E65}.Release|Any CPU.ActiveCfg = Release|Any CPU
		{17232157-056B-48D5-9C2B-60BC28E29E65}.Release|Any CPU.Build.0 = Release|Any CPU
		{AF4A3BC8-B6CC-4110-B766-A691E4E8CB60}.Debug|Any CPU.ActiveCfg = Debug|Any CPU
		{AF4A3BC8-B6CC-4110-B766-A691E4E8CB60}.Debug|Any CPU.Build.0 = Debug|Any CPU
		{AF4A3BC8-B6CC-4110-B766-A691E4E8CB60}.Release|Any CPU.ActiveCfg = Release|Any CPU
		{AF4A3BC8-B6CC-4110-B766-A691E4E8CB60}.Release|Any CPU.Build.0 = Release|Any CPU
	EndGlobalSection
	GlobalSection(SolutionProperties) = preSolution
		HideSolutionNode = FALSE
	EndGlobalSection
	GlobalSection(ExtensibilityGlobals) = postSolution
		SolutionGuid = {8F340F20-CE64-4CC1-871C-C02334D1E00B}
	EndGlobalSection
EndGlobal
